
Microsoft Visual Studio Solution File, Format Version 12.00
# Visual Studio Version 17
VisualStudioVersion = 17.10.34928.147
MinimumVisualStudioVersion = 10.0.40219.1
Project("{FAE04EC0-301F-11D3-BF4B-00C04F79EFBC}") = "Vehicles", "01. Vehicles\Vehicles.csproj", "{249081B3-6A72-4381-8B32-EE0B53333712}"
EndProject
Project("{FAE04EC0-301F-11D3-BF4B-00C04F79EFBC}") = "WildFarm", "WildFarm\WildFarm.csproj", "{48CC5FD0-8787-4E0D-9EAE-99BCF2943ADC}"
EndProject
Project("{FAE04EC0-301F-11D3-BF4B-00C04F79EFBC}") = "Raiding", "Raiding\Raiding.csproj", "{259E86A1-47F1-4C7D-840F-0AC84E4F361A}"
EndProject
Global
	GlobalSection(SolutionConfigurationPlatforms) = preSolution
		Debug|Any CPU = Debug|Any CPU
		Release|Any CPU = Release|Any CPU
	EndGlobalSection
	GlobalSection(ProjectConfigurationPlatforms) = postSolution
		{249081B3-6A72-4381-8B32-EE0B53333712}.Debug|Any CPU.ActiveCfg = Debug|Any CPU
		{249081B3-6A72-4381-8B32-EE0B53333712}.Debug|Any CPU.Build.0 = Debug|Any CPU
		{249081B3-6A72-4381-8B32-EE0B53333712}.Release|Any CPU.ActiveCfg = Release|Any CPU
		{249081B3-6A72-4381-8B32-EE0B53333712}.Release|Any CPU.Build.0 = Release|Any CPU
		{48CC5FD0-8787-4E0D-9EAE-99BCF2943ADC}.Debug|Any CPU.ActiveCfg = Debug|Any CPU
		{48CC5FD0-8787-4E0D-9EAE-99BCF2943ADC}.Debug|Any CPU.Build.0 = Debug|Any CPU
		{48CC5FD0-8787-4E0D-9EAE-99BCF2943ADC}.Release|Any CPU.ActiveCfg = Release|Any CPU
		{48CC5FD0-8787-4E0D-9EAE-99BCF2943ADC}.Release|Any CPU.Build.0 = Release|Any CPU
		{259E86A1-47F1-4C7D-840F-0AC84E4F361A}.Debug|Any CPU.ActiveCfg = Debug|Any CPU
		{259E86A1-47F1-4C7D-840F-0AC84E4F361A}.Debug|Any CPU.Build.0 = Debug|Any CPU
		{259E86A1-47F1-4C7D-840F-0AC84E4F361A}.Release|Any CPU.ActiveCfg = Release|Any CPU
		{259E86A1-47F1-4C7D-840F-0AC84E4F361A}.Release|Any CPU.Build.0 = Release|Any CPU
	EndGlobalSection
	GlobalSection(SolutionProperties) = preSolution
		HideSolutionNode = FALSE
	EndGlobalSection
	GlobalSection(ExtensibilityGlobals) = postSolution
		SolutionGuid = {8C7497E8-2426-4631-B44C-FB83CD76DA27}
	EndGlobalSection
EndGlobal
