
Microsoft Visual Studio Solution File, Format Version 12.00
# Visual Studio Version 17
VisualStudioVersion = 17.10.34928.147
MinimumVisualStudioVersion = 10.0.40219.1
Project("{FAE04EC0-301F-11D3-BF4B-00C04F79EFBC}") = "P02_FootballBetting", "P02_FootballBetting\P02_FootballBetting.csproj", "{B18060A4-CBD5-48EB-9CE7-3CA7AC23AE05}"
EndProject
Project("{FAE04EC0-301F-11D3-BF4B-00C04F79EFBC}") = "P01_StudentSystem", "P01_StudentSystem\P01_StudentSystem.csproj", "{F919310D-18C8-4E51-A5DD-D86FF6C6DB2F}"
EndProject
Project("{2150E333-8FDC-42A3-9474-1A3956D46DE8}") = "01", "01", "{3AD8B826-9509-482B-A85D-D96E95FEE270}"
EndProject
Project("{2150E333-8FDC-42A3-9474-1A3956D46DE8}") = "02", "02", "{C8143B86-28E0-467D-AF2C-2D25F357D693}"
EndProject
Project("{FAE04EC0-301F-11D3-BF4B-00C04F79EFBC}") = "P02_FootballBetting.Data", "P02_FootballBetting.Data\P02_FootballBetting.Data.csproj", "{CC7D7DE8-B6D6-463B-9546-EB79E21B8FCA}"
EndProject
Project("{FAE04EC0-301F-11D3-BF4B-00C04F79EFBC}") = "P02_FootballBetting.Data.Models", "P02_FootballBetting.Data.Models\P02_FootballBetting.Data.Models.csproj", "{C6FAAA1C-AC9F-4F23-BC83-03885716B8CB}"
EndProject
Project("{FAE04EC0-301F-11D3-BF4B-00C04F79EFBC}") = "P02_FootballBetting.Common", "P02_FootballBetting.Common\P02_FootballBetting.Common.csproj", "{0A668CCA-E6F1-44F3-BFA0-ECA5589ADB3D}"
EndProject
Global
	GlobalSection(SolutionConfigurationPlatforms) = preSolution
		Debug|Any CPU = Debug|Any CPU
		Release|Any CPU = Release|Any CPU
	EndGlobalSection
	GlobalSection(ProjectConfigurationPlatforms) = postSolution
		{B18060A4-CBD5-48EB-9CE7-3CA7AC23AE05}.Debug|Any CPU.ActiveCfg = Debug|Any CPU
		{B18060A4-CBD5-48EB-9CE7-3CA7AC23AE05}.Debug|Any CPU.Build.0 = Debug|Any CPU
		{B18060A4-CBD5-48EB-9CE7-3CA7AC23AE05}.Release|Any CPU.ActiveCfg = Release|Any CPU
		{B18060A4-CBD5-48EB-9CE7-3CA7AC23AE05}.Release|Any CPU.Build.0 = Release|Any CPU
		{F919310D-18C8-4E51-A5DD-D86FF6C6DB2F}.Debug|Any CPU.ActiveCfg = Debug|Any CPU
		{F919310D-18C8-4E51-A5DD-D86FF6C6DB2F}.Debug|Any CPU.Build.0 = Debug|Any CPU
		{F919310D-18C8-4E51-A5DD-D86FF6C6DB2F}.Release|Any CPU.ActiveCfg = Release|Any CPU
		{F919310D-18C8-4E51-A5DD-D86FF6C6DB2F}.Release|Any CPU.Build.0 = Release|Any CPU
		{CC7D7DE8-B6D6-463B-9546-EB79E21B8FCA}.Debug|Any CPU.ActiveCfg = Debug|Any CPU
		{CC7D7DE8-B6D6-463B-9546-EB79E21B8FCA}.Debug|Any CPU.Build.0 = Debug|Any CPU
		{CC7D7DE8-B6D6-463B-9546-EB79E21B8FCA}.Release|Any CPU.ActiveCfg = Release|Any CPU
		{CC7D7DE8-B6D6-463B-9546-EB79E21B8FCA}.Release|Any CPU.Build.0 = Release|Any CPU
		{C6FAAA1C-AC9F-4F23-BC83-03885716B8CB}.Debug|Any CPU.ActiveCfg = Debug|Any CPU
		{C6FAAA1C-AC9F-4F23-BC83-03885716B8CB}.Debug|Any CPU.Build.0 = Debug|Any CPU
		{C6FAAA1C-AC9F-4F23-BC83-03885716B8CB}.Release|Any CPU.ActiveCfg = Release|Any CPU
		{C6FAAA1C-AC9F-4F23-BC83-03885716B8CB}.Release|Any CPU.Build.0 = Release|Any CPU
		{0A668CCA-E6F1-44F3-BFA0-ECA5589ADB3D}.Debug|Any CPU.ActiveCfg = Debug|Any CPU
		{0A668CCA-E6F1-44F3-BFA0-ECA5589ADB3D}.Debug|Any CPU.Build.0 = Debug|Any CPU
		{0A668CCA-E6F1-44F3-BFA0-ECA5589ADB3D}.Release|Any CPU.ActiveCfg = Release|Any CPU
		{0A668CCA-E6F1-44F3-BFA0-ECA5589ADB3D}.Release|Any CPU.Build.0 = Release|Any CPU
	EndGlobalSection
	GlobalSection(SolutionProperties) = preSolution
		HideSolutionNode = FALSE
	EndGlobalSection
	GlobalSection(NestedProjects) = preSolution
		{B18060A4-CBD5-48EB-9CE7-3CA7AC23AE05} = {C8143B86-28E0-467D-AF2C-2D25F357D693}
		{F919310D-18C8-4E51-A5DD-D86FF6C6DB2F} = {3AD8B826-9509-482B-A85D-D96E95FEE270}
		{CC7D7DE8-B6D6-463B-9546-EB79E21B8FCA} = {C8143B86-28E0-467D-AF2C-2D25F357D693}
		{C6FAAA1C-AC9F-4F23-BC83-03885716B8CB} = {C8143B86-28E0-467D-AF2C-2D25F357D693}
		{0A668CCA-E6F1-44F3-BFA0-ECA5589ADB3D} = {C8143B86-28E0-467D-AF2C-2D25F357D693}
	EndGlobalSection
	GlobalSection(ExtensibilityGlobals) = postSolution
		SolutionGuid = {B7A3140A-4118-4A58-9B65-8978C9EB5EFF}
	EndGlobalSection
EndGlobal
