
Microsoft Visual Studio Solution File, Format Version 12.00
# Visual Studio Version 17
VisualStudioVersion = 17.10.34928.147
MinimumVisualStudioVersion = 10.0.40219.1
Project("{FAE04EC0-301F-11D3-BF4B-00C04F79EFBC}") = "EvenLines", "01. Even Lines\EvenLines.csproj", "{EF9F5B94-AEF5-4216-986A-4D5949AC205F}"
EndProject
Project("{FAE04EC0-301F-11D3-BF4B-00C04F79EFBC}") = "2. Line Numbers", "2. Line Numbers\2. Line Numbers.csproj", "{9BFDDC56-8A6A-4637-B919-A47CDA328F07}"
EndProject
Global
	GlobalSection(SolutionConfigurationPlatforms) = preSolution
		Debug|Any CPU = Debug|Any CPU
		Release|Any CPU = Release|Any CPU
	EndGlobalSection
	GlobalSection(ProjectConfigurationPlatforms) = postSolution
		{EF9F5B94-AEF5-4216-986A-4D5949AC205F}.Debug|Any CPU.ActiveCfg = Debug|Any CPU
		{EF9F5B94-AEF5-4216-986A-4D5949AC205F}.Debug|Any CPU.Build.0 = Debug|Any CPU
		{EF9F5B94-AEF5-4216-986A-4D5949AC205F}.Release|Any CPU.ActiveCfg = Release|Any CPU
		{EF9F5B94-AEF5-4216-986A-4D5949AC205F}.Release|Any CPU.Build.0 = Release|Any CPU
		{9BFDDC56-8A6A-4637-B919-A47CDA328F07}.Debug|Any CPU.ActiveCfg = Debug|Any CPU
		{9BFDDC56-8A6A-4637-B919-A47CDA328F07}.Debug|Any CPU.Build.0 = Debug|Any CPU
		{9BFDDC56-8A6A-4637-B919-A47CDA328F07}.Release|Any CPU.ActiveCfg = Release|Any CPU
		{9BFDDC56-8A6A-4637-B919-A47CDA328F07}.Release|Any CPU.Build.0 = Release|Any CPU
	EndGlobalSection
	GlobalSection(SolutionProperties) = preSolution
		HideSolutionNode = FALSE
	EndGlobalSection
	GlobalSection(ExtensibilityGlobals) = postSolution
		SolutionGuid = {A6391E71-9C0E-480D-ADA1-F4CE7C83D4EF}
	EndGlobalSection
EndGlobal
