
Microsoft Visual Studio Solution File, Format Version 12.00
# Visual Studio Version 17
VisualStudioVersion = 17.8.34525.116
MinimumVisualStudioVersion = 10.0.40219.1
Project("{FAE04EC0-301F-11D3-BF4B-00C04F79EFBC}") = "01. The Hunting Games", "01\01. The Hunting Games.csproj", "{C866690A-B93B-4DD1-A884-39BEF014DA5F}"
EndProject
Project("{FAE04EC0-301F-11D3-BF4B-00C04F79EFBC}") = "02. Tax Calculator", "02\02. Tax Calculator.csproj", "{D3A4F4FA-203C-4460-AF63-497C40190A88}"
EndProject
Project("{FAE04EC0-301F-11D3-BF4B-00C04F79EFBC}") = "03.Deck of Cards", "3\03.Deck of Cards.csproj", "{4C6DDEBC-3578-4042-AD3C-84D14BC41635}"
EndProject
Global
	GlobalSection(SolutionConfigurationPlatforms) = preSolution
		Debug|Any CPU = Debug|Any CPU
		Release|Any CPU = Release|Any CPU
	EndGlobalSection
	GlobalSection(ProjectConfigurationPlatforms) = postSolution
		{C866690A-B93B-4DD1-A884-39BEF014DA5F}.Debug|Any CPU.ActiveCfg = Debug|Any CPU
		{C866690A-B93B-4DD1-A884-39BEF014DA5F}.Debug|Any CPU.Build.0 = Debug|Any CPU
		{C866690A-B93B-4DD1-A884-39BEF014DA5F}.Release|Any CPU.ActiveCfg = Release|Any CPU
		{C866690A-B93B-4DD1-A884-39BEF014DA5F}.Release|Any CPU.Build.0 = Release|Any CPU
		{D3A4F4FA-203C-4460-AF63-497C40190A88}.Debug|Any CPU.ActiveCfg = Debug|Any CPU
		{D3A4F4FA-203C-4460-AF63-497C40190A88}.Debug|Any CPU.Build.0 = Debug|Any CPU
		{D3A4F4FA-203C-4460-AF63-497C40190A88}.Release|Any CPU.ActiveCfg = Release|Any CPU
		{D3A4F4FA-203C-4460-AF63-497C40190A88}.Release|Any CPU.Build.0 = Release|Any CPU
		{4C6DDEBC-3578-4042-AD3C-84D14BC41635}.Debug|Any CPU.ActiveCfg = Debug|Any CPU
		{4C6DDEBC-3578-4042-AD3C-84D14BC41635}.Debug|Any CPU.Build.0 = Debug|Any CPU
		{4C6DDEBC-3578-4042-AD3C-84D14BC41635}.Release|Any CPU.ActiveCfg = Release|Any CPU
		{4C6DDEBC-3578-4042-AD3C-84D14BC41635}.Release|Any CPU.Build.0 = Release|Any CPU
	EndGlobalSection
	GlobalSection(SolutionProperties) = preSolution
		HideSolutionNode = FALSE
	EndGlobalSection
	GlobalSection(ExtensibilityGlobals) = postSolution
		SolutionGuid = {EFAC0C13-5F22-4425-9D91-2DE58ED6B1E2}
	EndGlobalSection
EndGlobal
