
Microsoft Visual Studio Solution File, Format Version 12.00
# Visual Studio Version 17
VisualStudioVersion = 17.8.34525.116
MinimumVisualStudioVersion = 10.0.40219.1
Project("{FAE04EC0-301F-11D3-BF4B-00C04F79EFBC}") = "01. Reverse Strings", "01. Reverse Strings\01. Reverse Strings.csproj", "{FADF11B4-8BF4-44CD-9C21-CA2B311750FA}"
EndProject
Project("{FAE04EC0-301F-11D3-BF4B-00C04F79EFBC}") = "02. Repeat Strings", "02. Repeat Strings\02. Repeat Strings.csproj", "{A3FB02B7-91FB-4A16-A3A2-FB9166783E09}"
EndProject
Project("{FAE04EC0-301F-11D3-BF4B-00C04F79EFBC}") = "03. Substring", "03. Substring\03. Substring.csproj", "{0812939E-02BC-4286-A72E-0DC983CE0C1E}"
EndProject
Project("{FAE04EC0-301F-11D3-BF4B-00C04F79EFBC}") = "04. Text Filter", "04. Text Filter\04. Text Filter.csproj", "{7B17E142-DFF4-414B-BE75-122AD557B9A9}"
EndProject
Project("{FAE04EC0-301F-11D3-BF4B-00C04F79EFBC}") = "05. Digits, Letters and Other", "05. Digits, Letters and Other\05. Digits, Letters and Other.csproj", "{90D91AD3-D11C-4ACC-92C2-47F74354162A}"
EndProject
Global
	GlobalSection(SolutionConfigurationPlatforms) = preSolution
		Debug|Any CPU = Debug|Any CPU
		Release|Any CPU = Release|Any CPU
	EndGlobalSection
	GlobalSection(ProjectConfigurationPlatforms) = postSolution
		{FADF11B4-8BF4-44CD-9C21-CA2B311750FA}.Debug|Any CPU.ActiveCfg = Debug|Any CPU
		{FADF11B4-8BF4-44CD-9C21-CA2B311750FA}.Debug|Any CPU.Build.0 = Debug|Any CPU
		{FADF11B4-8BF4-44CD-9C21-CA2B311750FA}.Release|Any CPU.ActiveCfg = Release|Any CPU
		{FADF11B4-8BF4-44CD-9C21-CA2B311750FA}.Release|Any CPU.Build.0 = Release|Any CPU
		{A3FB02B7-91FB-4A16-A3A2-FB9166783E09}.Debug|Any CPU.ActiveCfg = Debug|Any CPU
		{A3FB02B7-91FB-4A16-A3A2-FB9166783E09}.Debug|Any CPU.Build.0 = Debug|Any CPU
		{A3FB02B7-91FB-4A16-A3A2-FB9166783E09}.Release|Any CPU.ActiveCfg = Release|Any CPU
		{A3FB02B7-91FB-4A16-A3A2-FB9166783E09}.Release|Any CPU.Build.0 = Release|Any CPU
		{0812939E-02BC-4286-A72E-0DC983CE0C1E}.Debug|Any CPU.ActiveCfg = Debug|Any CPU
		{0812939E-02BC-4286-A72E-0DC983CE0C1E}.Debug|Any CPU.Build.0 = Debug|Any CPU
		{0812939E-02BC-4286-A72E-0DC983CE0C1E}.Release|Any CPU.ActiveCfg = Release|Any CPU
		{0812939E-02BC-4286-A72E-0DC983CE0C1E}.Release|Any CPU.Build.0 = Release|Any CPU
		{7B17E142-DFF4-414B-BE75-122AD557B9A9}.Debug|Any CPU.ActiveCfg = Debug|Any CPU
		{7B17E142-DFF4-414B-BE75-122AD557B9A9}.Debug|Any CPU.Build.0 = Debug|Any CPU
		{7B17E142-DFF4-414B-BE75-122AD557B9A9}.Release|Any CPU.ActiveCfg = Release|Any CPU
		{7B17E142-DFF4-414B-BE75-122AD557B9A9}.Release|Any CPU.Build.0 = Release|Any CPU
		{90D91AD3-D11C-4ACC-92C2-47F74354162A}.Debug|Any CPU.ActiveCfg = Debug|Any CPU
		{90D91AD3-D11C-4ACC-92C2-47F74354162A}.Debug|Any CPU.Build.0 = Debug|Any CPU
		{90D91AD3-D11C-4ACC-92C2-47F74354162A}.Release|Any CPU.ActiveCfg = Release|Any CPU
		{90D91AD3-D11C-4ACC-92C2-47F74354162A}.Release|Any CPU.Build.0 = Release|Any CPU
	EndGlobalSection
	GlobalSection(SolutionProperties) = preSolution
		HideSolutionNode = FALSE
	EndGlobalSection
	GlobalSection(ExtensibilityGlobals) = postSolution
		SolutionGuid = {CDCB3630-A6D4-4D57-BDE3-646DD3A03674}
	EndGlobalSection
EndGlobal
